
Microsoft Visual Studio Solution File, Format Version 12.00
# Visual Studio Version 17
VisualStudioVersion = 17.0.32014.148
MinimumVisualStudioVersion = 10.0.40219.1
Project("{9A19103F-16F7-4668-BE54-9A1E7A4F7556}") = "cs16_paskaita_Solutions", "cs16_paskaita_Solutions\cs16_paskaita_Solutions.csproj", "{8B43FD55-6DDE-4E48-8C00-5575E87B8D8C}"
EndProject
Project("{FAE04EC0-301F-11D3-BF4B-00C04F79EFBC}") = "xUnit_ForSquareThings", "xUnit_ForSquareThings\xUnit_ForSquareThings.csproj", "{3DFE7218-B1FB-4D5E-8133-8261C3F0E026}"
EndProject
Project("{FAE04EC0-301F-11D3-BF4B-00C04F79EFBC}") = "xUnit_ForRoundThings", "xUnit_ForRoundThings\xUnit_ForRoundThings.csproj", "{BB08D47B-D01E-49FA-90AF-1E3113F8DC73}"
EndProject
Global
	GlobalSection(SolutionConfigurationPlatforms) = preSolution
		Debug|Any CPU = Debug|Any CPU
		Release|Any CPU = Release|Any CPU
	EndGlobalSection
	GlobalSection(ProjectConfigurationPlatforms) = postSolution
		{8B43FD55-6DDE-4E48-8C00-5575E87B8D8C}.Debug|Any CPU.ActiveCfg = Debug|Any CPU
		{8B43FD55-6DDE-4E48-8C00-5575E87B8D8C}.Debug|Any CPU.Build.0 = Debug|Any CPU
		{8B43FD55-6DDE-4E48-8C00-5575E87B8D8C}.Release|Any CPU.ActiveCfg = Release|Any CPU
		{8B43FD55-6DDE-4E48-8C00-5575E87B8D8C}.Release|Any CPU.Build.0 = Release|Any CPU
		{3DFE7218-B1FB-4D5E-8133-8261C3F0E026}.Debug|Any CPU.ActiveCfg = Debug|Any CPU
		{3DFE7218-B1FB-4D5E-8133-8261C3F0E026}.Debug|Any CPU.Build.0 = Debug|Any CPU
		{3DFE7218-B1FB-4D5E-8133-8261C3F0E026}.Release|Any CPU.ActiveCfg = Release|Any CPU
		{3DFE7218-B1FB-4D5E-8133-8261C3F0E026}.Release|Any CPU.Build.0 = Release|Any CPU
		{BB08D47B-D01E-49FA-90AF-1E3113F8DC73}.Debug|Any CPU.ActiveCfg = Debug|Any CPU
		{BB08D47B-D01E-49FA-90AF-1E3113F8DC73}.Debug|Any CPU.Build.0 = Debug|Any CPU
		{BB08D47B-D01E-49FA-90AF-1E3113F8DC73}.Release|Any CPU.ActiveCfg = Release|Any CPU
		{BB08D47B-D01E-49FA-90AF-1E3113F8DC73}.Release|Any CPU.Build.0 = Release|Any CPU
	EndGlobalSection
	GlobalSection(SolutionProperties) = preSolution
		HideSolutionNode = FALSE
	EndGlobalSection
	GlobalSection(ExtensibilityGlobals) = postSolution
		SolutionGuid = {A75FD073-B534-4E5B-8477-86C68F6E9553}
	EndGlobalSection
EndGlobal
